
Microsoft Visual Studio Solution File, Format Version 12.00
# Visual Studio Version 17
VisualStudioVersion = 17.0.32014.148
MinimumVisualStudioVersion = 10.0.40219.1
Project("{FAE04EC0-301F-11D3-BF4B-00C04F79EFBC}") = "ApiMinimal", "ApiMinimal\ApiMinimal.csproj", "{F2ECAC2F-99F8-4E2A-95D9-8032F4FB0EC6}"
EndProject
Global
	GlobalSection(SolutionConfigurationPlatforms) = preSolution
		Debug|Any CPU = Debug|Any CPU
		Release|Any CPU = Release|Any CPU
	EndGlobalSection
	GlobalSection(ProjectConfigurationPlatforms) = postSolution
		{F2ECAC2F-99F8-4E2A-95D9-8032F4FB0EC6}.Debug|Any CPU.ActiveCfg = Debug|Any CPU
		{F2ECAC2F-99F8-4E2A-95D9-8032F4FB0EC6}.Debug|Any CPU.Build.0 = Debug|Any CPU
		{F2ECAC2F-99F8-4E2A-95D9-8032F4FB0EC6}.Release|Any CPU.ActiveCfg = Release|Any CPU
		{F2ECAC2F-99F8-4E2A-95D9-8032F4FB0EC6}.Release|Any CPU.Build.0 = Release|Any CPU
	EndGlobalSection
	GlobalSection(SolutionProperties) = preSolution
		HideSolutionNode = FALSE
	EndGlobalSection
	GlobalSection(ExtensibilityGlobals) = postSolution
		SolutionGuid = {DC1B2526-34BB-440A-8C2E-AFD688F25723}
	EndGlobalSection
EndGlobal
